
Microsoft Visual Studio Solution File, Format Version 12.00
# Visual Studio Version 16
VisualStudioVersion = 16.0.31321.278
MinimumVisualStudioVersion = 10.0.40219.1
Project("{FAE04EC0-301F-11D3-BF4B-00C04F79EFBC}") = "LockerHub", "LockerHub\LockerHub.csproj", "{2740646F-98A1-40D9-AD54-820E2C528C01}"
EndProject
Project("{FAE04EC0-301F-11D3-BF4B-00C04F79EFBC}") = "LockerHubCore", "LockerHubCore\LockerHubCore.csproj", "{04624F18-FBC9-4F2E-AEBE-E19DA1886CDD}"
EndProject
Global
	GlobalSection(SolutionConfigurationPlatforms) = preSolution
		Debug|Any CPU = Debug|Any CPU
		Release|Any CPU = Release|Any CPU
	EndGlobalSection
	GlobalSection(ProjectConfigurationPlatforms) = postSolution
		{2740646F-98A1-40D9-AD54-820E2C528C01}.Debug|Any CPU.ActiveCfg = Debug|Any CPU
		{2740646F-98A1-40D9-AD54-820E2C528C01}.Debug|Any CPU.Build.0 = Debug|Any CPU
		{2740646F-98A1-40D9-AD54-820E2C528C01}.Release|Any CPU.ActiveCfg = Release|Any CPU
		{2740646F-98A1-40D9-AD54-820E2C528C01}.Release|Any CPU.Build.0 = Release|Any CPU
		{04624F18-FBC9-4F2E-AEBE-E19DA1886CDD}.Debug|Any CPU.ActiveCfg = Debug|Any CPU
		{04624F18-FBC9-4F2E-AEBE-E19DA1886CDD}.Debug|Any CPU.Build.0 = Debug|Any CPU
		{04624F18-FBC9-4F2E-AEBE-E19DA1886CDD}.Release|Any CPU.ActiveCfg = Release|Any CPU
		{04624F18-FBC9-4F2E-AEBE-E19DA1886CDD}.Release|Any CPU.Build.0 = Release|Any CPU
	EndGlobalSection
	GlobalSection(SolutionProperties) = preSolution
		HideSolutionNode = FALSE
	EndGlobalSection
	GlobalSection(ExtensibilityGlobals) = postSolution
		SolutionGuid = {E8FAE2FF-52BB-43D8-93BF-787329659F8C}
	EndGlobalSection
EndGlobal
